
Microsoft Visual Studio Solution File, Format Version 12.00
# Visual Studio 15
VisualStudioVersion = 15.0.28307.106
MinimumVisualStudioVersion = 10.0.40219.1
Project("{FAE04EC0-301F-11D3-BF4B-00C04F79EFBC}") = "Projekat3", "Projekat3\Projekat3.csproj", "{D7DB6FBB-3CED-40BF-AC07-EB4D29648ED9}"
EndProject
Global
	GlobalSection(SolutionConfigurationPlatforms) = preSolution
		Debug|Any CPU = Debug|Any CPU
		Release|Any CPU = Release|Any CPU
	EndGlobalSection
	GlobalSection(ProjectConfigurationPlatforms) = postSolution
		{D7DB6FBB-3CED-40BF-AC07-EB4D29648ED9}.Debug|Any CPU.ActiveCfg = Debug|Any CPU
		{D7DB6FBB-3CED-40BF-AC07-EB4D29648ED9}.Debug|Any CPU.Build.0 = Debug|Any CPU
		{D7DB6FBB-3CED-40BF-AC07-EB4D29648ED9}.Release|Any CPU.ActiveCfg = Release|Any CPU
		{D7DB6FBB-3CED-40BF-AC07-EB4D29648ED9}.Release|Any CPU.Build.0 = Release|Any CPU
	EndGlobalSection
	GlobalSection(SolutionProperties) = preSolution
		HideSolutionNode = FALSE
	EndGlobalSection
	GlobalSection(ExtensibilityGlobals) = postSolution
		SolutionGuid = {535E3B64-B536-4FDB-9E12-CD15E1C351F6}
	EndGlobalSection
EndGlobal
